
Microsoft Visual Studio Solution File, Format Version 12.00
# Visual Studio Version 16
VisualStudioVersion = 16.0.31729.503
MinimumVisualStudioVersion = 10.0.40219.1
Project("{FAE04EC0-301F-11D3-BF4B-00C04F79EFBC}") = "Exercicio_Execoes", "Exercicio_Execoes\Exercicio_Execoes.csproj", "{055A504F-E965-4A74-BB54-DC8101BBAC85}"
EndProject
Global
	GlobalSection(SolutionConfigurationPlatforms) = preSolution
		Debug|Any CPU = Debug|Any CPU
		Release|Any CPU = Release|Any CPU
	EndGlobalSection
	GlobalSection(ProjectConfigurationPlatforms) = postSolution
		{055A504F-E965-4A74-BB54-DC8101BBAC85}.Debug|Any CPU.ActiveCfg = Debug|Any CPU
		{055A504F-E965-4A74-BB54-DC8101BBAC85}.Debug|Any CPU.Build.0 = Debug|Any CPU
		{055A504F-E965-4A74-BB54-DC8101BBAC85}.Release|Any CPU.ActiveCfg = Release|Any CPU
		{055A504F-E965-4A74-BB54-DC8101BBAC85}.Release|Any CPU.Build.0 = Release|Any CPU
	EndGlobalSection
	GlobalSection(SolutionProperties) = preSolution
		HideSolutionNode = FALSE
	EndGlobalSection
	GlobalSection(ExtensibilityGlobals) = postSolution
		SolutionGuid = {564B811D-8F69-4368-843B-0DB9FEABC3DD}
	EndGlobalSection
EndGlobal
